
Microsoft Visual Studio Solution File, Format Version 12.00
# Visual Studio Version 16
VisualStudioVersion = 16.6.30114.105
MinimumVisualStudioVersion = 10.0.40219.1
Project("{2150E333-8FDC-42A3-9474-1A3956D46DE8}") = "Shared", "Shared", "{FCA8CA8F-EE29-4CEA-8627-5EA7638B7C04}"
EndProject
Project("{FAE04EC0-301F-11D3-BF4B-00C04F79EFBC}") = "Inflow.Shared.Tests", "src\Shared\Inflow.Shared.Tests\Inflow.Shared.Tests.csproj", "{3C49875F-386E-4C94-A80C-0C75C7A83BCB}"
EndProject
Project("{2150E333-8FDC-42A3-9474-1A3956D46DE8}") = "Bootstrapper", "Bootstrapper", "{110B9A2A-E39B-4883-ACB6-7E05CE77AF9C}"
EndProject
Project("{FAE04EC0-301F-11D3-BF4B-00C04F79EFBC}") = "Inflow.Bootstrapper", "src\Bootstrapper\Inflow.Bootstrapper\Inflow.Bootstrapper.csproj", "{F478360B-DE13-4F0B-9649-C7D4F8539D28}"
EndProject
Project("{2150E333-8FDC-42A3-9474-1A3956D46DE8}") = "Modules", "Modules", "{1BA5712D-3DD3-4246-A396-D732B128CB61}"
EndProject
Project("{2150E333-8FDC-42A3-9474-1A3956D46DE8}") = "Customers", "Customers", "{CEAF1A2F-AFD5-4545-9E3D-53126DF1AB7F}"
EndProject
Project("{2150E333-8FDC-42A3-9474-1A3956D46DE8}") = "Payments", "Payments", "{D97D0FDB-D5AC-4223-9B74-171EA8ABAFD7}"
EndProject
Project("{2150E333-8FDC-42A3-9474-1A3956D46DE8}") = "Wallets", "Wallets", "{A84DB51C-E96F-42B6-9CC2-21E52E76DACD}"
EndProject
Project("{2150E333-8FDC-42A3-9474-1A3956D46DE8}") = "Users", "Users", "{3C812292-89CC-482D-BC00-3DD04CA4496B}"
EndProject
Project("{FAE04EC0-301F-11D3-BF4B-00C04F79EFBC}") = "Inflow.Modules.Users.Api", "src\Modules\Users\Inflow.Modules.Users.Api\Inflow.Modules.Users.Api.csproj", "{3DBF494E-0153-495A-85B7-D23FBEDF5B51}"
EndProject
Project("{FAE04EC0-301F-11D3-BF4B-00C04F79EFBC}") = "Inflow.Modules.Users.Core", "src\Modules\Users\Inflow.Modules.Users.Core\Inflow.Modules.Users.Core.csproj", "{BFE2213C-D50C-4AF7-B201-85F4F199F949}"
EndProject
Project("{FAE04EC0-301F-11D3-BF4B-00C04F79EFBC}") = "Inflow.Modules.Customers.Api", "src\Modules\Customers\Inflow.Modules.Customers.Api\Inflow.Modules.Customers.Api.csproj", "{68D23AD7-DFC6-43F9-85DE-891C0BB10DEF}"
EndProject
Project("{FAE04EC0-301F-11D3-BF4B-00C04F79EFBC}") = "Inflow.Modules.Payments.Api", "src\Modules\Payments\Inflow.Modules.Payments.Api\Inflow.Modules.Payments.Api.csproj", "{8D48D83E-D048-470F-A5A8-6A56A26AE226}"
EndProject
Project("{FAE04EC0-301F-11D3-BF4B-00C04F79EFBC}") = "Inflow.Modules.Wallets.Api", "src\Modules\Wallets\Inflow.Modules.Wallets.Api\Inflow.Modules.Wallets.Api.csproj", "{CACAA9A2-ED85-4531-B2CF-4BBAFEC7AA19}"
EndProject
Project("{FAE04EC0-301F-11D3-BF4B-00C04F79EFBC}") = "Inflow.Shared.Abstractions", "src\Shared\Inflow.Shared.Abstractions\Inflow.Shared.Abstractions.csproj", "{C8212E43-5130-49C7-A5B0-7C6FD5249A34}"
EndProject
Project("{FAE04EC0-301F-11D3-BF4B-00C04F79EFBC}") = "Inflow.Shared.Infrastructure", "src\Shared\Inflow.Shared.Infrastructure\Inflow.Shared.Infrastructure.csproj", "{BEFC3D0A-B8FF-4147-835D-B5AA3F089CE9}"
EndProject
Project("{2150E333-8FDC-42A3-9474-1A3956D46DE8}") = "Saga", "Saga", "{1E329EB6-037B-412E-87D2-35EA542C52E2}"
EndProject
Project("{FAE04EC0-301F-11D3-BF4B-00C04F79EFBC}") = "Inflow.Modules.Saga.Api", "src\Modules\Saga\Inflow.Modules.Saga.Api\Inflow.Modules.Saga.Api.csproj", "{B79B1227-BDA2-43BC-B4C6-A68683E28F7F}"
EndProject
Project("{FAE04EC0-301F-11D3-BF4B-00C04F79EFBC}") = "Inflow.Modules.Customers.Core", "src\Modules\Customers\Inflow.Modules.Customers.Core\Inflow.Modules.Customers.Core.csproj", "{2C03FF72-18C0-4D82-9079-E04CA61C74C5}"
EndProject
Project("{FAE04EC0-301F-11D3-BF4B-00C04F79EFBC}") = "Inflow.Modules.Wallets.Core", "src\Modules\Wallets\Inflow.Modules.Wallets.Core\Inflow.Modules.Wallets.Core.csproj", "{092DE247-7348-46EB-9D26-B394E5A44FFF}"
EndProject
Project("{FAE04EC0-301F-11D3-BF4B-00C04F79EFBC}") = "Inflow.Modules.Wallets.Infrastructure", "src\Modules\Wallets\Inflow.Modules.Wallets.Infrastructure\Inflow.Modules.Wallets.Infrastructure.csproj", "{285C7779-D12E-4826-B42E-B0E6C35050BD}"
EndProject
Project("{FAE04EC0-301F-11D3-BF4B-00C04F79EFBC}") = "Inflow.Modules.Wallets.Application", "src\Modules\Wallets\Inflow.Modules.Wallets.Application\Inflow.Modules.Wallets.Application.csproj", "{6FF65874-69DA-4EBA-9F58-ED10C4A4A50A}"
EndProject
Project("{FAE04EC0-301F-11D3-BF4B-00C04F79EFBC}") = "Inflow.Modules.Payments.Core", "src\Modules\Payments\Inflow.Modules.Payments.Core\Inflow.Modules.Payments.Core.csproj", "{D4F3FB7F-6247-4467-BDC2-7AAC38B4BF2F}"
EndProject
Project("{FAE04EC0-301F-11D3-BF4B-00C04F79EFBC}") = "Inflow.Modules.Payments.Shared", "src\Modules\Payments\Inflow.Modules.Payments.Shared\Inflow.Modules.Payments.Shared.csproj", "{A5F63F77-6BFD-4D4D-A7C9-A183792AE9E5}"
EndProject
Project("{FAE04EC0-301F-11D3-BF4B-00C04F79EFBC}") = "Inflow.Modules.Wallets.Tests.Unit", "src\Modules\Wallets\Inflow.Modules.Wallets.Tests.Unit\Inflow.Modules.Wallets.Tests.Unit.csproj", "{D7B1D40A-084B-4DDD-A8C2-D0CBDDF83642}"
EndProject
Project("{FAE04EC0-301F-11D3-BF4B-00C04F79EFBC}") = "Inflow.Modules.Wallets.Tests.Integration", "src\Modules\Wallets\Inflow.Modules.Wallets.Tests.Integration\Inflow.Modules.Wallets.Tests.Integration.csproj", "{106945F4-7AD5-4F03-9AB0-A3907786EB30}"
EndProject
Project("{FAE04EC0-301F-11D3-BF4B-00C04F79EFBC}") = "Inflow.Modules.Wallets.Tests.EndToEnd", "src\Modules\Wallets\Inflow.Modules.Wallets.Tests.EndToEnd\Inflow.Modules.Wallets.Tests.EndToEnd.csproj", "{CC8DBB71-389A-465C-9D99-EC32747596E9}"
EndProject
Project("{2150E333-8FDC-42A3-9474-1A3956D46DE8}") = "tests", "tests", "{BF6F41B7-66B4-4995-B763-638DF5662040}"
EndProject
Project("{FAE04EC0-301F-11D3-BF4B-00C04F79EFBC}") = "Inflow.Shared.Tests.EndToEnd", "src\Shared\Inflow.Shared.Tests.EndToEnd\Inflow.Shared.Tests.EndToEnd.csproj", "{1A0FF48D-B70B-48FE-88B3-46010BA48E7D}"
EndProject
Project("{2150E333-8FDC-42A3-9474-1A3956D46DE8}") = "tests", "tests", "{A57432E4-1D42-40B1-89E6-C0AA6FFDBD57}"
EndProject
Global
	GlobalSection(SolutionConfigurationPlatforms) = preSolution
		Debug|Any CPU = Debug|Any CPU
		Debug|x64 = Debug|x64
		Debug|x86 = Debug|x86
		Release|Any CPU = Release|Any CPU
		Release|x64 = Release|x64
		Release|x86 = Release|x86
	EndGlobalSection
	GlobalSection(SolutionProperties) = preSolution
		HideSolutionNode = FALSE
	EndGlobalSection
	GlobalSection(NestedProjects) = preSolution
		{F478360B-DE13-4F0B-9649-C7D4F8539D28} = {110B9A2A-E39B-4883-ACB6-7E05CE77AF9C}
		{CEAF1A2F-AFD5-4545-9E3D-53126DF1AB7F} = {1BA5712D-3DD3-4246-A396-D732B128CB61}
		{D97D0FDB-D5AC-4223-9B74-171EA8ABAFD7} = {1BA5712D-3DD3-4246-A396-D732B128CB61}
		{A84DB51C-E96F-42B6-9CC2-21E52E76DACD} = {1BA5712D-3DD3-4246-A396-D732B128CB61}
		{3C812292-89CC-482D-BC00-3DD04CA4496B} = {1BA5712D-3DD3-4246-A396-D732B128CB61}
		{3DBF494E-0153-495A-85B7-D23FBEDF5B51} = {3C812292-89CC-482D-BC00-3DD04CA4496B}
		{BFE2213C-D50C-4AF7-B201-85F4F199F949} = {3C812292-89CC-482D-BC00-3DD04CA4496B}
		{68D23AD7-DFC6-43F9-85DE-891C0BB10DEF} = {CEAF1A2F-AFD5-4545-9E3D-53126DF1AB7F}
		{8D48D83E-D048-470F-A5A8-6A56A26AE226} = {D97D0FDB-D5AC-4223-9B74-171EA8ABAFD7}
		{CACAA9A2-ED85-4531-B2CF-4BBAFEC7AA19} = {A84DB51C-E96F-42B6-9CC2-21E52E76DACD}
		{C8212E43-5130-49C7-A5B0-7C6FD5249A34} = {FCA8CA8F-EE29-4CEA-8627-5EA7638B7C04}
		{BEFC3D0A-B8FF-4147-835D-B5AA3F089CE9} = {FCA8CA8F-EE29-4CEA-8627-5EA7638B7C04}
		{1E329EB6-037B-412E-87D2-35EA542C52E2} = {1BA5712D-3DD3-4246-A396-D732B128CB61}
		{B79B1227-BDA2-43BC-B4C6-A68683E28F7F} = {1E329EB6-037B-412E-87D2-35EA542C52E2}
		{2C03FF72-18C0-4D82-9079-E04CA61C74C5} = {CEAF1A2F-AFD5-4545-9E3D-53126DF1AB7F}
		{092DE247-7348-46EB-9D26-B394E5A44FFF} = {A84DB51C-E96F-42B6-9CC2-21E52E76DACD}
		{285C7779-D12E-4826-B42E-B0E6C35050BD} = {A84DB51C-E96F-42B6-9CC2-21E52E76DACD}
		{6FF65874-69DA-4EBA-9F58-ED10C4A4A50A} = {A84DB51C-E96F-42B6-9CC2-21E52E76DACD}
		{D4F3FB7F-6247-4467-BDC2-7AAC38B4BF2F} = {D97D0FDB-D5AC-4223-9B74-171EA8ABAFD7}
		{A5F63F77-6BFD-4D4D-A7C9-A183792AE9E5} = {D97D0FDB-D5AC-4223-9B74-171EA8ABAFD7}
		{BF6F41B7-66B4-4995-B763-638DF5662040} = {A84DB51C-E96F-42B6-9CC2-21E52E76DACD}
		{CC8DBB71-389A-465C-9D99-EC32747596E9} = {BF6F41B7-66B4-4995-B763-638DF5662040}
		{106945F4-7AD5-4F03-9AB0-A3907786EB30} = {BF6F41B7-66B4-4995-B763-638DF5662040}
		{D7B1D40A-084B-4DDD-A8C2-D0CBDDF83642} = {BF6F41B7-66B4-4995-B763-638DF5662040}
		{A57432E4-1D42-40B1-89E6-C0AA6FFDBD57} = {FCA8CA8F-EE29-4CEA-8627-5EA7638B7C04}
		{3C49875F-386E-4C94-A80C-0C75C7A83BCB} = {A57432E4-1D42-40B1-89E6-C0AA6FFDBD57}
		{1A0FF48D-B70B-48FE-88B3-46010BA48E7D} = {A57432E4-1D42-40B1-89E6-C0AA6FFDBD57}
	EndGlobalSection
	GlobalSection(ProjectConfigurationPlatforms) = postSolution
		{3C49875F-386E-4C94-A80C-0C75C7A83BCB}.Debug|Any CPU.ActiveCfg = Debug|Any CPU
		{3C49875F-386E-4C94-A80C-0C75C7A83BCB}.Debug|Any CPU.Build.0 = Debug|Any CPU
		{3C49875F-386E-4C94-A80C-0C75C7A83BCB}.Debug|x64.ActiveCfg = Debug|Any CPU
		{3C49875F-386E-4C94-A80C-0C75C7A83BCB}.Debug|x64.Build.0 = Debug|Any CPU
		{3C49875F-386E-4C94-A80C-0C75C7A83BCB}.Debug|x86.ActiveCfg = Debug|Any CPU
		{3C49875F-386E-4C94-A80C-0C75C7A83BCB}.Debug|x86.Build.0 = Debug|Any CPU
		{3C49875F-386E-4C94-A80C-0C75C7A83BCB}.Release|Any CPU.ActiveCfg = Release|Any CPU
		{3C49875F-386E-4C94-A80C-0C75C7A83BCB}.Release|Any CPU.Build.0 = Release|Any CPU
		{3C49875F-386E-4C94-A80C-0C75C7A83BCB}.Release|x64.ActiveCfg = Release|Any CPU
		{3C49875F-386E-4C94-A80C-0C75C7A83BCB}.Release|x64.Build.0 = Release|Any CPU
		{3C49875F-386E-4C94-A80C-0C75C7A83BCB}.Release|x86.ActiveCfg = Release|Any CPU
		{3C49875F-386E-4C94-A80C-0C75C7A83BCB}.Release|x86.Build.0 = Release|Any CPU
		{F478360B-DE13-4F0B-9649-C7D4F8539D28}.Debug|Any CPU.ActiveCfg = Debug|Any CPU
		{F478360B-DE13-4F0B-9649-C7D4F8539D28}.Debug|Any CPU.Build.0 = Debug|Any CPU
		{F478360B-DE13-4F0B-9649-C7D4F8539D28}.Debug|x64.ActiveCfg = Debug|Any CPU
		{F478360B-DE13-4F0B-9649-C7D4F8539D28}.Debug|x64.Build.0 = Debug|Any CPU
		{F478360B-DE13-4F0B-9649-C7D4F8539D28}.Debug|x86.ActiveCfg = Debug|Any CPU
		{F478360B-DE13-4F0B-9649-C7D4F8539D28}.Debug|x86.Build.0 = Debug|Any CPU
		{F478360B-DE13-4F0B-9649-C7D4F8539D28}.Release|Any CPU.ActiveCfg = Release|Any CPU
		{F478360B-DE13-4F0B-9649-C7D4F8539D28}.Release|Any CPU.Build.0 = Release|Any CPU
		{F478360B-DE13-4F0B-9649-C7D4F8539D28}.Release|x64.ActiveCfg = Release|Any CPU
		{F478360B-DE13-4F0B-9649-C7D4F8539D28}.Release|x64.Build.0 = Release|Any CPU
		{F478360B-DE13-4F0B-9649-C7D4F8539D28}.Release|x86.ActiveCfg = Release|Any CPU
		{F478360B-DE13-4F0B-9649-C7D4F8539D28}.Release|x86.Build.0 = Release|Any CPU
		{3DBF494E-0153-495A-85B7-D23FBEDF5B51}.Debug|Any CPU.ActiveCfg = Debug|Any CPU
		{3DBF494E-0153-495A-85B7-D23FBEDF5B51}.Debug|Any CPU.Build.0 = Debug|Any CPU
		{3DBF494E-0153-495A-85B7-D23FBEDF5B51}.Debug|x64.ActiveCfg = Debug|Any CPU
		{3DBF494E-0153-495A-85B7-D23FBEDF5B51}.Debug|x64.Build.0 = Debug|Any CPU
		{3DBF494E-0153-495A-85B7-D23FBEDF5B51}.Debug|x86.ActiveCfg = Debug|Any CPU
		{3DBF494E-0153-495A-85B7-D23FBEDF5B51}.Debug|x86.Build.0 = Debug|Any CPU
		{3DBF494E-0153-495A-85B7-D23FBEDF5B51}.Release|Any CPU.ActiveCfg = Release|Any CPU
		{3DBF494E-0153-495A-85B7-D23FBEDF5B51}.Release|Any CPU.Build.0 = Release|Any CPU
		{3DBF494E-0153-495A-85B7-D23FBEDF5B51}.Release|x64.ActiveCfg = Release|Any CPU
		{3DBF494E-0153-495A-85B7-D23FBEDF5B51}.Release|x64.Build.0 = Release|Any CPU
		{3DBF494E-0153-495A-85B7-D23FBEDF5B51}.Release|x86.ActiveCfg = Release|Any CPU
		{3DBF494E-0153-495A-85B7-D23FBEDF5B51}.Release|x86.Build.0 = Release|Any CPU
		{BFE2213C-D50C-4AF7-B201-85F4F199F949}.Debug|Any CPU.ActiveCfg = Debug|Any CPU
		{BFE2213C-D50C-4AF7-B201-85F4F199F949}.Debug|Any CPU.Build.0 = Debug|Any CPU
		{BFE2213C-D50C-4AF7-B201-85F4F199F949}.Debug|x64.ActiveCfg = Debug|Any CPU
		{BFE2213C-D50C-4AF7-B201-85F4F199F949}.Debug|x64.Build.0 = Debug|Any CPU
		{BFE2213C-D50C-4AF7-B201-85F4F199F949}.Debug|x86.ActiveCfg = Debug|Any CPU
		{BFE2213C-D50C-4AF7-B201-85F4F199F949}.Debug|x86.Build.0 = Debug|Any CPU
		{BFE2213C-D50C-4AF7-B201-85F4F199F949}.Release|Any CPU.ActiveCfg = Release|Any CPU
		{BFE2213C-D50C-4AF7-B201-85F4F199F949}.Release|Any CPU.Build.0 = Release|Any CPU
		{BFE2213C-D50C-4AF7-B201-85F4F199F949}.Release|x64.ActiveCfg = Release|Any CPU
		{BFE2213C-D50C-4AF7-B201-85F4F199F949}.Release|x64.Build.0 = Release|Any CPU
		{BFE2213C-D50C-4AF7-B201-85F4F199F949}.Release|x86.ActiveCfg = Release|Any CPU
		{BFE2213C-D50C-4AF7-B201-85F4F199F949}.Release|x86.Build.0 = Release|Any CPU
		{68D23AD7-DFC6-43F9-85DE-891C0BB10DEF}.Debug|Any CPU.ActiveCfg = Debug|Any CPU
		{68D23AD7-DFC6-43F9-85DE-891C0BB10DEF}.Debug|Any CPU.Build.0 = Debug|Any CPU
		{68D23AD7-DFC6-43F9-85DE-891C0BB10DEF}.Debug|x64.ActiveCfg = Debug|Any CPU
		{68D23AD7-DFC6-43F9-85DE-891C0BB10DEF}.Debug|x64.Build.0 = Debug|Any CPU
		{68D23AD7-DFC6-43F9-85DE-891C0BB10DEF}.Debug|x86.ActiveCfg = Debug|Any CPU
		{68D23AD7-DFC6-43F9-85DE-891C0BB10DEF}.Debug|x86.Build.0 = Debug|Any CPU
		{68D23AD7-DFC6-43F9-85DE-891C0BB10DEF}.Release|Any CPU.ActiveCfg = Release|Any CPU
		{68D23AD7-DFC6-43F9-85DE-891C0BB10DEF}.Release|Any CPU.Build.0 = Release|Any CPU
		{68D23AD7-DFC6-43F9-85DE-891C0BB10DEF}.Release|x64.ActiveCfg = Release|Any CPU
		{68D23AD7-DFC6-43F9-85DE-891C0BB10DEF}.Release|x64.Build.0 = Release|Any CPU
		{68D23AD7-DFC6-43F9-85DE-891C0BB10DEF}.Release|x86.ActiveCfg = Release|Any CPU
		{68D23AD7-DFC6-43F9-85DE-891C0BB10DEF}.Release|x86.Build.0 = Release|Any CPU
		{8D48D83E-D048-470F-A5A8-6A56A26AE226}.Debug|Any CPU.ActiveCfg = Debug|Any CPU
		{8D48D83E-D048-470F-A5A8-6A56A26AE226}.Debug|Any CPU.Build.0 = Debug|Any CPU
		{8D48D83E-D048-470F-A5A8-6A56A26AE226}.Debug|x64.ActiveCfg = Debug|Any CPU
		{8D48D83E-D048-470F-A5A8-6A56A26AE226}.Debug|x64.Build.0 = Debug|Any CPU
		{8D48D83E-D048-470F-A5A8-6A56A26AE226}.Debug|x86.ActiveCfg = Debug|Any CPU
		{8D48D83E-D048-470F-A5A8-6A56A26AE226}.Debug|x86.Build.0 = Debug|Any CPU
		{8D48D83E-D048-470F-A5A8-6A56A26AE226}.Release|Any CPU.ActiveCfg = Release|Any CPU
		{8D48D83E-D048-470F-A5A8-6A56A26AE226}.Release|Any CPU.Build.0 = Release|Any CPU
		{8D48D83E-D048-470F-A5A8-6A56A26AE226}.Release|x64.ActiveCfg = Release|Any CPU
		{8D48D83E-D048-470F-A5A8-6A56A26AE226}.Release|x64.Build.0 = Release|Any CPU
		{8D48D83E-D048-470F-A5A8-6A56A26AE226}.Release|x86.ActiveCfg = Release|Any CPU
		{8D48D83E-D048-470F-A5A8-6A56A26AE226}.Release|x86.Build.0 = Release|Any CPU
		{CACAA9A2-ED85-4531-B2CF-4BBAFEC7AA19}.Debug|Any CPU.ActiveCfg = Debug|Any CPU
		{CACAA9A2-ED85-4531-B2CF-4BBAFEC7AA19}.Debug|Any CPU.Build.0 = Debug|Any CPU
		{CACAA9A2-ED85-4531-B2CF-4BBAFEC7AA19}.Debug|x64.ActiveCfg = Debug|Any CPU
		{CACAA9A2-ED85-4531-B2CF-4BBAFEC7AA19}.Debug|x64.Build.0 = Debug|Any CPU
		{CACAA9A2-ED85-4531-B2CF-4BBAFEC7AA19}.Debug|x86.ActiveCfg = Debug|Any CPU
		{CACAA9A2-ED85-4531-B2CF-4BBAFEC7AA19}.Debug|x86.Build.0 = Debug|Any CPU
		{CACAA9A2-ED85-4531-B2CF-4BBAFEC7AA19}.Release|Any CPU.ActiveCfg = Release|Any CPU
		{CACAA9A2-ED85-4531-B2CF-4BBAFEC7AA19}.Release|Any CPU.Build.0 = Release|Any CPU
		{CACAA9A2-ED85-4531-B2CF-4BBAFEC7AA19}.Release|x64.ActiveCfg = Release|Any CPU
		{CACAA9A2-ED85-4531-B2CF-4BBAFEC7AA19}.Release|x64.Build.0 = Release|Any CPU
		{CACAA9A2-ED85-4531-B2CF-4BBAFEC7AA19}.Release|x86.ActiveCfg = Release|Any CPU
		{CACAA9A2-ED85-4531-B2CF-4BBAFEC7AA19}.Release|x86.Build.0 = Release|Any CPU
		{C8212E43-5130-49C7-A5B0-7C6FD5249A34}.Debug|Any CPU.ActiveCfg = Debug|Any CPU
		{C8212E43-5130-49C7-A5B0-7C6FD5249A34}.Debug|Any CPU.Build.0 = Debug|Any CPU
		{C8212E43-5130-49C7-A5B0-7C6FD5249A34}.Debug|x64.ActiveCfg = Debug|Any CPU
		{C8212E43-5130-49C7-A5B0-7C6FD5249A34}.Debug|x64.Build.0 = Debug|Any CPU
		{C8212E43-5130-49C7-A5B0-7C6FD5249A34}.Debug|x86.ActiveCfg = Debug|Any CPU
		{C8212E43-5130-49C7-A5B0-7C6FD5249A34}.Debug|x86.Build.0 = Debug|Any CPU
		{C8212E43-5130-49C7-A5B0-7C6FD5249A34}.Release|Any CPU.ActiveCfg = Release|Any CPU
		{C8212E43-5130-49C7-A5B0-7C6FD5249A34}.Release|Any CPU.Build.0 = Release|Any CPU
		{C8212E43-5130-49C7-A5B0-7C6FD5249A34}.Release|x64.ActiveCfg = Release|Any CPU
		{C8212E43-5130-49C7-A5B0-7C6FD5249A34}.Release|x64.Build.0 = Release|Any CPU
		{C8212E43-5130-49C7-A5B0-7C6FD5249A34}.Release|x86.ActiveCfg = Release|Any CPU
		{C8212E43-5130-49C7-A5B0-7C6FD5249A34}.Release|x86.Build.0 = Release|Any CPU
		{BEFC3D0A-B8FF-4147-835D-B5AA3F089CE9}.Debug|Any CPU.ActiveCfg = Debug|Any CPU
		{BEFC3D0A-B8FF-4147-835D-B5AA3F089CE9}.Debug|Any CPU.Build.0 = Debug|Any CPU
		{BEFC3D0A-B8FF-4147-835D-B5AA3F089CE9}.Debug|x64.ActiveCfg = Debug|Any CPU
		{BEFC3D0A-B8FF-4147-835D-B5AA3F089CE9}.Debug|x64.Build.0 = Debug|Any CPU
		{BEFC3D0A-B8FF-4147-835D-B5AA3F089CE9}.Debug|x86.ActiveCfg = Debug|Any CPU
		{BEFC3D0A-B8FF-4147-835D-B5AA3F089CE9}.Debug|x86.Build.0 = Debug|Any CPU
		{BEFC3D0A-B8FF-4147-835D-B5AA3F089CE9}.Release|Any CPU.ActiveCfg = Release|Any CPU
		{BEFC3D0A-B8FF-4147-835D-B5AA3F089CE9}.Release|Any CPU.Build.0 = Release|Any CPU
		{BEFC3D0A-B8FF-4147-835D-B5AA3F089CE9}.Release|x64.ActiveCfg = Release|Any CPU
		{BEFC3D0A-B8FF-4147-835D-B5AA3F089CE9}.Release|x64.Build.0 = Release|Any CPU
		{BEFC3D0A-B8FF-4147-835D-B5AA3F089CE9}.Release|x86.ActiveCfg = Release|Any CPU
		{BEFC3D0A-B8FF-4147-835D-B5AA3F089CE9}.Release|x86.Build.0 = Release|Any CPU
		{B79B1227-BDA2-43BC-B4C6-A68683E28F7F}.Debug|Any CPU.ActiveCfg = Debug|Any CPU
		{B79B1227-BDA2-43BC-B4C6-A68683E28F7F}.Debug|Any CPU.Build.0 = Debug|Any CPU
		{B79B1227-BDA2-43BC-B4C6-A68683E28F7F}.Debug|x64.ActiveCfg = Debug|Any CPU
		{B79B1227-BDA2-43BC-B4C6-A68683E28F7F}.Debug|x64.Build.0 = Debug|Any CPU
		{B79B1227-BDA2-43BC-B4C6-A68683E28F7F}.Debug|x86.ActiveCfg = Debug|Any CPU
		{B79B1227-BDA2-43BC-B4C6-A68683E28F7F}.Debug|x86.Build.0 = Debug|Any CPU
		{B79B1227-BDA2-43BC-B4C6-A68683E28F7F}.Release|Any CPU.ActiveCfg = Release|Any CPU
		{B79B1227-BDA2-43BC-B4C6-A68683E28F7F}.Release|Any CPU.Build.0 = Release|Any CPU
		{B79B1227-BDA2-43BC-B4C6-A68683E28F7F}.Release|x64.ActiveCfg = Release|Any CPU
		{B79B1227-BDA2-43BC-B4C6-A68683E28F7F}.Release|x64.Build.0 = Release|Any CPU
		{B79B1227-BDA2-43BC-B4C6-A68683E28F7F}.Release|x86.ActiveCfg = Release|Any CPU
		{B79B1227-BDA2-43BC-B4C6-A68683E28F7F}.Release|x86.Build.0 = Release|Any CPU
		{2C03FF72-18C0-4D82-9079-E04CA61C74C5}.Debug|Any CPU.ActiveCfg = Debug|Any CPU
		{2C03FF72-18C0-4D82-9079-E04CA61C74C5}.Debug|Any CPU.Build.0 = Debug|Any CPU
		{2C03FF72-18C0-4D82-9079-E04CA61C74C5}.Debug|x64.ActiveCfg = Debug|Any CPU
		{2C03FF72-18C0-4D82-9079-E04CA61C74C5}.Debug|x64.Build.0 = Debug|Any CPU
		{2C03FF72-18C0-4D82-9079-E04CA61C74C5}.Debug|x86.ActiveCfg = Debug|Any CPU
		{2C03FF72-18C0-4D82-9079-E04CA61C74C5}.Debug|x86.Build.0 = Debug|Any CPU
		{2C03FF72-18C0-4D82-9079-E04CA61C74C5}.Release|Any CPU.ActiveCfg = Release|Any CPU
		{2C03FF72-18C0-4D82-9079-E04CA61C74C5}.Release|Any CPU.Build.0 = Release|Any CPU
		{2C03FF72-18C0-4D82-9079-E04CA61C74C5}.Release|x64.ActiveCfg = Release|Any CPU
		{2C03FF72-18C0-4D82-9079-E04CA61C74C5}.Release|x64.Build.0 = Release|Any CPU
		{2C03FF72-18C0-4D82-9079-E04CA61C74C5}.Release|x86.ActiveCfg = Release|Any CPU
		{2C03FF72-18C0-4D82-9079-E04CA61C74C5}.Release|x86.Build.0 = Release|Any CPU
		{092DE247-7348-46EB-9D26-B394E5A44FFF}.Debug|Any CPU.ActiveCfg = Debug|Any CPU
		{092DE247-7348-46EB-9D26-B394E5A44FFF}.Debug|Any CPU.Build.0 = Debug|Any CPU
		{092DE247-7348-46EB-9D26-B394E5A44FFF}.Debug|x64.ActiveCfg = Debug|Any CPU
		{092DE247-7348-46EB-9D26-B394E5A44FFF}.Debug|x64.Build.0 = Debug|Any CPU
		{092DE247-7348-46EB-9D26-B394E5A44FFF}.Debug|x86.ActiveCfg = Debug|Any CPU
		{092DE247-7348-46EB-9D26-B394E5A44FFF}.Debug|x86.Build.0 = Debug|Any CPU
		{092DE247-7348-46EB-9D26-B394E5A44FFF}.Release|Any CPU.ActiveCfg = Release|Any CPU
		{092DE247-7348-46EB-9D26-B394E5A44FFF}.Release|Any CPU.Build.0 = Release|Any CPU
		{092DE247-7348-46EB-9D26-B394E5A44FFF}.Release|x64.ActiveCfg = Release|Any CPU
		{092DE247-7348-46EB-9D26-B394E5A44FFF}.Release|x64.Build.0 = Release|Any CPU
		{092DE247-7348-46EB-9D26-B394E5A44FFF}.Release|x86.ActiveCfg = Release|Any CPU
		{092DE247-7348-46EB-9D26-B394E5A44FFF}.Release|x86.Build.0 = Release|Any CPU
		{285C7779-D12E-4826-B42E-B0E6C35050BD}.Debug|Any CPU.ActiveCfg = Debug|Any CPU
		{285C7779-D12E-4826-B42E-B0E6C35050BD}.Debug|Any CPU.Build.0 = Debug|Any CPU
		{285C7779-D12E-4826-B42E-B0E6C35050BD}.Debug|x64.ActiveCfg = Debug|Any CPU
		{285C7779-D12E-4826-B42E-B0E6C35050BD}.Debug|x64.Build.0 = Debug|Any CPU
		{285C7779-D12E-4826-B42E-B0E6C35050BD}.Debug|x86.ActiveCfg = Debug|Any CPU
		{285C7779-D12E-4826-B42E-B0E6C35050BD}.Debug|x86.Build.0 = Debug|Any CPU
		{285C7779-D12E-4826-B42E-B0E6C35050BD}.Release|Any CPU.ActiveCfg = Release|Any CPU
		{285C7779-D12E-4826-B42E-B0E6C35050BD}.Release|Any CPU.Build.0 = Release|Any CPU
		{285C7779-D12E-4826-B42E-B0E6C35050BD}.Release|x64.ActiveCfg = Release|Any CPU
		{285C7779-D12E-4826-B42E-B0E6C35050BD}.Release|x64.Build.0 = Release|Any CPU
		{285C7779-D12E-4826-B42E-B0E6C35050BD}.Release|x86.ActiveCfg = Release|Any CPU
		{285C7779-D12E-4826-B42E-B0E6C35050BD}.Release|x86.Build.0 = Release|Any CPU
		{6FF65874-69DA-4EBA-9F58-ED10C4A4A50A}.Debug|Any CPU.ActiveCfg = Debug|Any CPU
		{6FF65874-69DA-4EBA-9F58-ED10C4A4A50A}.Debug|Any CPU.Build.0 = Debug|Any CPU
		{6FF65874-69DA-4EBA-9F58-ED10C4A4A50A}.Debug|x64.ActiveCfg = Debug|Any CPU
		{6FF65874-69DA-4EBA-9F58-ED10C4A4A50A}.Debug|x64.Build.0 = Debug|Any CPU
		{6FF65874-69DA-4EBA-9F58-ED10C4A4A50A}.Debug|x86.ActiveCfg = Debug|Any CPU
		{6FF65874-69DA-4EBA-9F58-ED10C4A4A50A}.Debug|x86.Build.0 = Debug|Any CPU
		{6FF65874-69DA-4EBA-9F58-ED10C4A4A50A}.Release|Any CPU.ActiveCfg = Release|Any CPU
		{6FF65874-69DA-4EBA-9F58-ED10C4A4A50A}.Release|Any CPU.Build.0 = Release|Any CPU
		{6FF65874-69DA-4EBA-9F58-ED10C4A4A50A}.Release|x64.ActiveCfg = Release|Any CPU
		{6FF65874-69DA-4EBA-9F58-ED10C4A4A50A}.Release|x64.Build.0 = Release|Any CPU
		{6FF65874-69DA-4EBA-9F58-ED10C4A4A50A}.Release|x86.ActiveCfg = Release|Any CPU
		{6FF65874-69DA-4EBA-9F58-ED10C4A4A50A}.Release|x86.Build.0 = Release|Any CPU
		{D4F3FB7F-6247-4467-BDC2-7AAC38B4BF2F}.Debug|Any CPU.ActiveCfg = Debug|Any CPU
		{D4F3FB7F-6247-4467-BDC2-7AAC38B4BF2F}.Debug|Any CPU.Build.0 = Debug|Any CPU
		{D4F3FB7F-6247-4467-BDC2-7AAC38B4BF2F}.Debug|x64.ActiveCfg = Debug|Any CPU
		{D4F3FB7F-6247-4467-BDC2-7AAC38B4BF2F}.Debug|x64.Build.0 = Debug|Any CPU
		{D4F3FB7F-6247-4467-BDC2-7AAC38B4BF2F}.Debug|x86.ActiveCfg = Debug|Any CPU
		{D4F3FB7F-6247-4467-BDC2-7AAC38B4BF2F}.Debug|x86.Build.0 = Debug|Any CPU
		{D4F3FB7F-6247-4467-BDC2-7AAC38B4BF2F}.Release|Any CPU.ActiveCfg = Release|Any CPU
		{D4F3FB7F-6247-4467-BDC2-7AAC38B4BF2F}.Release|Any CPU.Build.0 = Release|Any CPU
		{D4F3FB7F-6247-4467-BDC2-7AAC38B4BF2F}.Release|x64.ActiveCfg = Release|Any CPU
		{D4F3FB7F-6247-4467-BDC2-7AAC38B4BF2F}.Release|x64.Build.0 = Release|Any CPU
		{D4F3FB7F-6247-4467-BDC2-7AAC38B4BF2F}.Release|x86.ActiveCfg = Release|Any CPU
		{D4F3FB7F-6247-4467-BDC2-7AAC38B4BF2F}.Release|x86.Build.0 = Release|Any CPU
		{A5F63F77-6BFD-4D4D-A7C9-A183792AE9E5}.Debug|Any CPU.ActiveCfg = Debug|Any CPU
		{A5F63F77-6BFD-4D4D-A7C9-A183792AE9E5}.Debug|Any CPU.Build.0 = Debug|Any CPU
		{A5F63F77-6BFD-4D4D-A7C9-A183792AE9E5}.Debug|x64.ActiveCfg = Debug|Any CPU
		{A5F63F77-6BFD-4D4D-A7C9-A183792AE9E5}.Debug|x64.Build.0 = Debug|Any CPU
		{A5F63F77-6BFD-4D4D-A7C9-A183792AE9E5}.Debug|x86.ActiveCfg = Debug|Any CPU
		{A5F63F77-6BFD-4D4D-A7C9-A183792AE9E5}.Debug|x86.Build.0 = Debug|Any CPU
		{A5F63F77-6BFD-4D4D-A7C9-A183792AE9E5}.Release|Any CPU.ActiveCfg = Release|Any CPU
		{A5F63F77-6BFD-4D4D-A7C9-A183792AE9E5}.Release|Any CPU.Build.0 = Release|Any CPU
		{A5F63F77-6BFD-4D4D-A7C9-A183792AE9E5}.Release|x64.ActiveCfg = Release|Any CPU
		{A5F63F77-6BFD-4D4D-A7C9-A183792AE9E5}.Release|x64.Build.0 = Release|Any CPU
		{A5F63F77-6BFD-4D4D-A7C9-A183792AE9E5}.Release|x86.ActiveCfg = Release|Any CPU
		{A5F63F77-6BFD-4D4D-A7C9-A183792AE9E5}.Release|x86.Build.0 = Release|Any CPU
		{D7B1D40A-084B-4DDD-A8C2-D0CBDDF83642}.Debug|Any CPU.ActiveCfg = Debug|Any CPU
		{D7B1D40A-084B-4DDD-A8C2-D0CBDDF83642}.Debug|Any CPU.Build.0 = Debug|Any CPU
		{D7B1D40A-084B-4DDD-A8C2-D0CBDDF83642}.Debug|x64.ActiveCfg = Debug|Any CPU
		{D7B1D40A-084B-4DDD-A8C2-D0CBDDF83642}.Debug|x64.Build.0 = Debug|Any CPU
		{D7B1D40A-084B-4DDD-A8C2-D0CBDDF83642}.Debug|x86.ActiveCfg = Debug|Any CPU
		{D7B1D40A-084B-4DDD-A8C2-D0CBDDF83642}.Debug|x86.Build.0 = Debug|Any CPU
		{D7B1D40A-084B-4DDD-A8C2-D0CBDDF83642}.Release|Any CPU.ActiveCfg = Release|Any CPU
		{D7B1D40A-084B-4DDD-A8C2-D0CBDDF83642}.Release|Any CPU.Build.0 = Release|Any CPU
		{D7B1D40A-084B-4DDD-A8C2-D0CBDDF83642}.Release|x64.ActiveCfg = Release|Any CPU
		{D7B1D40A-084B-4DDD-A8C2-D0CBDDF83642}.Release|x64.Build.0 = Release|Any CPU
		{D7B1D40A-084B-4DDD-A8C2-D0CBDDF83642}.Release|x86.ActiveCfg = Release|Any CPU
		{D7B1D40A-084B-4DDD-A8C2-D0CBDDF83642}.Release|x86.Build.0 = Release|Any CPU
		{106945F4-7AD5-4F03-9AB0-A3907786EB30}.Debug|Any CPU.ActiveCfg = Debug|Any CPU
		{106945F4-7AD5-4F03-9AB0-A3907786EB30}.Debug|Any CPU.Build.0 = Debug|Any CPU
		{106945F4-7AD5-4F03-9AB0-A3907786EB30}.Debug|x64.ActiveCfg = Debug|Any CPU
		{106945F4-7AD5-4F03-9AB0-A3907786EB30}.Debug|x64.Build.0 = Debug|Any CPU
		{106945F4-7AD5-4F03-9AB0-A3907786EB30}.Debug|x86.ActiveCfg = Debug|Any CPU
		{106945F4-7AD5-4F03-9AB0-A3907786EB30}.Debug|x86.Build.0 = Debug|Any CPU
		{106945F4-7AD5-4F03-9AB0-A3907786EB30}.Release|Any CPU.ActiveCfg = Release|Any CPU
		{106945F4-7AD5-4F03-9AB0-A3907786EB30}.Release|Any CPU.Build.0 = Release|Any CPU
		{106945F4-7AD5-4F03-9AB0-A3907786EB30}.Release|x64.ActiveCfg = Release|Any CPU
		{106945F4-7AD5-4F03-9AB0-A3907786EB30}.Release|x64.Build.0 = Release|Any CPU
		{106945F4-7AD5-4F03-9AB0-A3907786EB30}.Release|x86.ActiveCfg = Release|Any CPU
		{106945F4-7AD5-4F03-9AB0-A3907786EB30}.Release|x86.Build.0 = Release|Any CPU
		{CC8DBB71-389A-465C-9D99-EC32747596E9}.Debug|Any CPU.ActiveCfg = Debug|Any CPU
		{CC8DBB71-389A-465C-9D99-EC32747596E9}.Debug|Any CPU.Build.0 = Debug|Any CPU
		{CC8DBB71-389A-465C-9D99-EC32747596E9}.Debug|x64.ActiveCfg = Debug|Any CPU
		{CC8DBB71-389A-465C-9D99-EC32747596E9}.Debug|x64.Build.0 = Debug|Any CPU
		{CC8DBB71-389A-465C-9D99-EC32747596E9}.Debug|x86.ActiveCfg = Debug|Any CPU
		{CC8DBB71-389A-465C-9D99-EC32747596E9}.Debug|x86.Build.0 = Debug|Any CPU
		{CC8DBB71-389A-465C-9D99-EC32747596E9}.Release|Any CPU.ActiveCfg = Release|Any CPU
		{CC8DBB71-389A-465C-9D99-EC32747596E9}.Release|Any CPU.Build.0 = Release|Any CPU
		{CC8DBB71-389A-465C-9D99-EC32747596E9}.Release|x64.ActiveCfg = Release|Any CPU
		{CC8DBB71-389A-465C-9D99-EC32747596E9}.Release|x64.Build.0 = Release|Any CPU
		{CC8DBB71-389A-465C-9D99-EC32747596E9}.Release|x86.ActiveCfg = Release|Any CPU
		{CC8DBB71-389A-465C-9D99-EC32747596E9}.Release|x86.Build.0 = Release|Any CPU
		{1A0FF48D-B70B-48FE-88B3-46010BA48E7D}.Debug|Any CPU.ActiveCfg = Debug|Any CPU
		{1A0FF48D-B70B-48FE-88B3-46010BA48E7D}.Debug|Any CPU.Build.0 = Debug|Any CPU
		{1A0FF48D-B70B-48FE-88B3-46010BA48E7D}.Debug|x64.ActiveCfg = Debug|Any CPU
		{1A0FF48D-B70B-48FE-88B3-46010BA48E7D}.Debug|x64.Build.0 = Debug|Any CPU
		{1A0FF48D-B70B-48FE-88B3-46010BA48E7D}.Debug|x86.ActiveCfg = Debug|Any CPU
		{1A0FF48D-B70B-48FE-88B3-46010BA48E7D}.Debug|x86.Build.0 = Debug|Any CPU
		{1A0FF48D-B70B-48FE-88B3-46010BA48E7D}.Release|Any CPU.ActiveCfg = Release|Any CPU
		{1A0FF48D-B70B-48FE-88B3-46010BA48E7D}.Release|Any CPU.Build.0 = Release|Any CPU
		{1A0FF48D-B70B-48FE-88B3-46010BA48E7D}.Release|x64.ActiveCfg = Release|Any CPU
		{1A0FF48D-B70B-48FE-88B3-46010BA48E7D}.Release|x64.Build.0 = Release|Any CPU
		{1A0FF48D-B70B-48FE-88B3-46010BA48E7D}.Release|x86.ActiveCfg = Release|Any CPU
		{1A0FF48D-B70B-48FE-88B3-46010BA48E7D}.Release|x86.Build.0 = Release|Any CPU
	EndGlobalSection
EndGlobal
